// !$*UTF8*$!
{
	archiveVersion = 1;
	classes = {
	};
	objectVersion = 56;
	objects = {

/* Begin PBXBuildFile section */
		160838D52BF38129002F6504 /* CustomCell + textField.swift in Sources */ = {isa = PBXBuildFile; fileRef = 160838D42BF38129002F6504 /* CustomCell + textField.swift */; };
		160838D72BF38373002F6504 /* CustomCell + datePicker.swift in Sources */ = {isa = PBXBuildFile; fileRef = 160838D62BF38373002F6504 /* CustomCell + datePicker.swift */; };
		160838D92BF384B0002F6504 /* CustomCell + TextView.swift in Sources */ = {isa = PBXBuildFile; fileRef = 160838D82BF384B0002F6504 /* CustomCell + TextView.swift */; };
		160838DB2BF38647002F6504 /* CustomCell + Switch.swift in Sources */ = {isa = PBXBuildFile; fileRef = 160838DA2BF38647002F6504 /* CustomCell + Switch.swift */; };
		164966DF2BFF3FC00075F89B /* RealmSwift in Frameworks */ = {isa = PBXBuildFile; productRef = 164966DE2BFF3FC00075F89B /* RealmSwift */; };
		164967072BFF64270075F89B /* DateForm.swift in Sources */ = {isa = PBXBuildFile; fileRef = 164967062BFF64270075F89B /* DateForm.swift */; };
		1649670A2C0852800075F89B /* AlertControllerBuilderRM.swift in Sources */ = {isa = PBXBuildFile; fileRef = 164967092C0852800075F89B /* AlertControllerBuilderRM.swift */; };
		167A559C2BC515E5008251BE /* UIView + Animation.swift in Sources */ = {isa = PBXBuildFile; fileRef = 167A559B2BC515E5008251BE /* UIView + Animation.swift */; };
		167A55D62BD7ADBC008251BE /* InfoDebtor.xcdatamodeld in Sources */ = {isa = PBXBuildFile; fileRef = 167A55D42BD7ADBC008251BE /* InfoDebtor.xcdatamodeld */; };
		167A55D82BD7AE68008251BE /* StorageManager.swift in Sources */ = {isa = PBXBuildFile; fileRef = 167A55D72BD7AE68008251BE /* StorageManager.swift */; };
		167A55E02BF1FE73008251BE /* AppDelegate.swift in Sources */ = {isa = PBXBuildFile; fileRef = 167A55DF2BF1FE73008251BE /* AppDelegate.swift */; };
		167A55E22BF1FE73008251BE /* SceneDelegate.swift in Sources */ = {isa = PBXBuildFile; fileRef = 167A55E12BF1FE73008251BE /* SceneDelegate.swift */; };
		167A55E92BF1FE74008251BE /* Assets.xcassets in Resources */ = {isa = PBXBuildFile; fileRef = 167A55E82BF1FE74008251BE /* Assets.xcassets */; };
		167A55EC2BF1FE74008251BE /* LaunchScreen.storyboard in Resources */ = {isa = PBXBuildFile; fileRef = 167A55EA2BF1FE74008251BE /* LaunchScreen.storyboard */; };
		1680095E2BF4FA10006FECF9 /* TabBarViewController.swift in Sources */ = {isa = PBXBuildFile; fileRef = 1680095D2BF4FA10006FECF9 /* TabBarViewController.swift */; };
		168009602BF5FFE1006FECF9 /* CustomCell + Button.swift in Sources */ = {isa = PBXBuildFile; fileRef = 1680095F2BF5FFE1006FECF9 /* CustomCell + Button.swift */; };
		168009642BF60547006FECF9 /* DebtCellType.swift in Sources */ = {isa = PBXBuildFile; fileRef = 168009632BF60547006FECF9 /* DebtCellType.swift */; };
		168009682BF6194D006FECF9 /* ListDebtorsViewController.swift in Sources */ = {isa = PBXBuildFile; fileRef = 168009672BF6194D006FECF9 /* ListDebtorsViewController.swift */; };
		1680096A2BF61DBE006FECF9 /* CustomCellDebtor.swift in Sources */ = {isa = PBXBuildFile; fileRef = 168009692BF61DBE006FECF9 /* CustomCellDebtor.swift */; };
		1680096C2BFCC93C006FECF9 /* InformationAboutTheDebtorViewController.swift in Sources */ = {isa = PBXBuildFile; fileRef = 1680096B2BFCC93C006FECF9 /* InformationAboutTheDebtorViewController.swift */; };
		1680096E2BFCCC98006FECF9 /* LabelsForInfoVC.swift in Sources */ = {isa = PBXBuildFile; fileRef = 1680096D2BFCCC98006FECF9 /* LabelsForInfoVC.swift */; };
		168009752BFF3A0D006FECF9 /* Debt.swift in Sources */ = {isa = PBXBuildFile; fileRef = 168009742BFF3A0D006FECF9 /* Debt.swift */; };
		169474232BF3A8E5007976E6 /* MainNavigationViewController.swift in Sources */ = {isa = PBXBuildFile; fileRef = 169474222BF3A8E5007976E6 /* MainNavigationViewController.swift */; };
		169474252BF3A996007976E6 /* AddingViewController.swift in Sources */ = {isa = PBXBuildFile; fileRef = 169474242BF3A996007976E6 /* AddingViewController.swift */; };
		16970E792BA2DF1C0014FC81 /* AppDelegate.swift in Sources */ = {isa = PBXBuildFile; fileRef = 16970E782BA2DF1C0014FC81 /* AppDelegate.swift */; };
		16970E7B2BA2DF1C0014FC81 /* SceneDelegate.swift in Sources */ = {isa = PBXBuildFile; fileRef = 16970E7A2BA2DF1C0014FC81 /* SceneDelegate.swift */; };
		16970E7D2BA2DF1C0014FC81 /* MainViewController.swift in Sources */ = {isa = PBXBuildFile; fileRef = 16970E7C2BA2DF1C0014FC81 /* MainViewController.swift */; };
		16970E802BA2DF1C0014FC81 /* Main.storyboard in Resources */ = {isa = PBXBuildFile; fileRef = 16970E7E2BA2DF1C0014FC81 /* Main.storyboard */; };
		16970E822BA2DF1E0014FC81 /* Assets.xcassets in Resources */ = {isa = PBXBuildFile; fileRef = 16970E812BA2DF1E0014FC81 /* Assets.xcassets */; };
		16970E852BA2DF1E0014FC81 /* LaunchScreen.storyboard in Resources */ = {isa = PBXBuildFile; fileRef = 16970E832BA2DF1E0014FC81 /* LaunchScreen.storyboard */; };
		16970E912BA46B7B0014FC81 /* AddingTableViewController.swift in Sources */ = {isa = PBXBuildFile; fileRef = 16970E902BA46B7B0014FC81 /* AddingTableViewController.swift */; };
		16970E932BA8197F0014FC81 /* InformationViewController.swift in Sources */ = {isa = PBXBuildFile; fileRef = 16970E922BA8197F0014FC81 /* InformationViewController.swift */; };
		16A641E32BA8441E00CD19EE /* Debtor.swift in Sources */ = {isa = PBXBuildFile; fileRef = 16A641E22BA8441E00CD19EE /* Debtor.swift */; };
		16A641E62BA97D1500CD19EE /* UIViewController + Alert.swift in Sources */ = {isa = PBXBuildFile; fileRef = 16A641E52BA97D1500CD19EE /* UIViewController + Alert.swift */; };
		16A641EA2BAAD80900CD19EE /* AboutDebtCell.swift in Sources */ = {isa = PBXBuildFile; fileRef = 16A641E92BAAD80900CD19EE /* AboutDebtCell.swift */; };
		16A641EC2BAAEB5F00CD19EE /* Date.swift in Sources */ = {isa = PBXBuildFile; fileRef = 16A641EB2BAAEB5F00CD19EE /* Date.swift */; };
		16A641EE2BB149E000CD19EE /* AlertControllerBuilder.swift in Sources */ = {isa = PBXBuildFile; fileRef = 16A641ED2BB149E000CD19EE /* AlertControllerBuilder.swift */; };
/* End PBXBuildFile section */

/* Begin PBXCopyFilesBuildPhase section */
		164966D52BFF3DE70075F89B /* Embed Frameworks */ = {
			isa = PBXCopyFilesBuildPhase;
			buildActionMask = 2147483647;
			dstPath = "";
			dstSubfolderSpec = 10;
			files = (
			);
			name = "Embed Frameworks";
			runOnlyForDeploymentPostprocessing = 0;
		};
/* End PBXCopyFilesBuildPhase section */

/* Begin PBXFileReference section */
		160838D42BF38129002F6504 /* CustomCell + textField.swift */ = {isa = PBXFileReference; lastKnownFileType = sourcecode.swift; path = "CustomCell + textField.swift"; sourceTree = "<group>"; };
		160838D62BF38373002F6504 /* CustomCell + datePicker.swift */ = {isa = PBXFileReference; lastKnownFileType = sourcecode.swift; path = "CustomCell + datePicker.swift"; sourceTree = "<group>"; };
		160838D82BF384B0002F6504 /* CustomCell + TextView.swift */ = {isa = PBXFileReference; lastKnownFileType = sourcecode.swift; path = "CustomCell + TextView.swift"; sourceTree = "<group>"; };
		160838DA2BF38647002F6504 /* CustomCell + Switch.swift */ = {isa = PBXFileReference; lastKnownFileType = sourcecode.swift; path = "CustomCell + Switch.swift"; sourceTree = "<group>"; };
		164967062BFF64270075F89B /* DateForm.swift */ = {isa = PBXFileReference; lastKnownFileType = sourcecode.swift; path = DateForm.swift; sourceTree = "<group>"; };
		164967092C0852800075F89B /* AlertControllerBuilderRM.swift */ = {isa = PBXFileReference; lastKnownFileType = sourcecode.swift; path = AlertControllerBuilderRM.swift; sourceTree = "<group>"; };
		167A559B2BC515E5008251BE /* UIView + Animation.swift */ = {isa = PBXFileReference; lastKnownFileType = sourcecode.swift; path = "UIView + Animation.swift"; sourceTree = "<group>"; };
		167A55D52BD7ADBC008251BE /* StorageManager.xcdatamodel */ = {isa = PBXFileReference; lastKnownFileType = wrapper.xcdatamodel; path = StorageManager.xcdatamodel; sourceTree = "<group>"; };
		167A55D72BD7AE68008251BE /* StorageManager.swift */ = {isa = PBXFileReference; lastKnownFileType = sourcecode.swift; path = StorageManager.swift; sourceTree = "<group>"; };
		167A55DD2BF1FE73008251BE /* debtsRM.app */ = {isa = PBXFileReference; explicitFileType = wrapper.application; includeInIndex = 0; path = debtsRM.app; sourceTree = BUILT_PRODUCTS_DIR; };
		167A55DF2BF1FE73008251BE /* AppDelegate.swift */ = {isa = PBXFileReference; lastKnownFileType = sourcecode.swift; path = AppDelegate.swift; sourceTree = "<group>"; };
		167A55E12BF1FE73008251BE /* SceneDelegate.swift */ = {isa = PBXFileReference; lastKnownFileType = sourcecode.swift; path = SceneDelegate.swift; sourceTree = "<group>"; };
		167A55E82BF1FE74008251BE /* Assets.xcassets */ = {isa = PBXFileReference; lastKnownFileType = folder.assetcatalog; path = Assets.xcassets; sourceTree = "<group>"; };
		167A55EB2BF1FE74008251BE /* Base */ = {isa = PBXFileReference; lastKnownFileType = file.storyboard; name = Base; path = Base.lproj/LaunchScreen.storyboard; sourceTree = "<group>"; };
		167A55ED2BF1FE74008251BE /* Info.plist */ = {isa = PBXFileReference; lastKnownFileType = text.plist.xml; path = Info.plist; sourceTree = "<group>"; };
		1680095D2BF4FA10006FECF9 /* TabBarViewController.swift */ = {isa = PBXFileReference; lastKnownFileType = sourcecode.swift; path = TabBarViewController.swift; sourceTree = "<group>"; };
		1680095F2BF5FFE1006FECF9 /* CustomCell + Button.swift */ = {isa = PBXFileReference; lastKnownFileType = sourcecode.swift; path = "CustomCell + Button.swift"; sourceTree = "<group>"; };
		168009632BF60547006FECF9 /* DebtCellType.swift */ = {isa = PBXFileReference; lastKnownFileType = sourcecode.swift; path = DebtCellType.swift; sourceTree = "<group>"; };
		168009672BF6194D006FECF9 /* ListDebtorsViewController.swift */ = {isa = PBXFileReference; lastKnownFileType = sourcecode.swift; path = ListDebtorsViewController.swift; sourceTree = "<group>"; };
		168009692BF61DBE006FECF9 /* CustomCellDebtor.swift */ = {isa = PBXFileReference; lastKnownFileType = sourcecode.swift; path = CustomCellDebtor.swift; sourceTree = "<group>"; };
		1680096B2BFCC93C006FECF9 /* InformationAboutTheDebtorViewController.swift */ = {isa = PBXFileReference; lastKnownFileType = sourcecode.swift; path = InformationAboutTheDebtorViewController.swift; sourceTree = "<group>"; };
		1680096D2BFCCC98006FECF9 /* LabelsForInfoVC.swift */ = {isa = PBXFileReference; lastKnownFileType = sourcecode.swift; path = LabelsForInfoVC.swift; sourceTree = "<group>"; };
		168009742BFF3A0D006FECF9 /* Debt.swift */ = {isa = PBXFileReference; lastKnownFileType = sourcecode.swift; path = Debt.swift; sourceTree = "<group>"; };
		169474222BF3A8E5007976E6 /* MainNavigationViewController.swift */ = {isa = PBXFileReference; lastKnownFileType = sourcecode.swift; path = MainNavigationViewController.swift; sourceTree = "<group>"; };
		169474242BF3A996007976E6 /* AddingViewController.swift */ = {isa = PBXFileReference; lastKnownFileType = sourcecode.swift; path = AddingViewController.swift; sourceTree = "<group>"; };
		16970E752BA2DF1C0014FC81 /* Debtor.app */ = {isa = PBXFileReference; explicitFileType = wrapper.application; includeInIndex = 0; path = Debtor.app; sourceTree = BUILT_PRODUCTS_DIR; };
		16970E782BA2DF1C0014FC81 /* AppDelegate.swift */ = {isa = PBXFileReference; lastKnownFileType = sourcecode.swift; path = AppDelegate.swift; sourceTree = "<group>"; };
		16970E7A2BA2DF1C0014FC81 /* SceneDelegate.swift */ = {isa = PBXFileReference; lastKnownFileType = sourcecode.swift; path = SceneDelegate.swift; sourceTree = "<group>"; };
		16970E7C2BA2DF1C0014FC81 /* MainViewController.swift */ = {isa = PBXFileReference; lastKnownFileType = sourcecode.swift; path = MainViewController.swift; sourceTree = "<group>"; };
		16970E7F2BA2DF1C0014FC81 /* Base */ = {isa = PBXFileReference; lastKnownFileType = file.storyboard; name = Base; path = Base.lproj/Main.storyboard; sourceTree = "<group>"; };
		16970E812BA2DF1E0014FC81 /* Assets.xcassets */ = {isa = PBXFileReference; lastKnownFileType = folder.assetcatalog; path = Assets.xcassets; sourceTree = "<group>"; };
		16970E842BA2DF1E0014FC81 /* Base */ = {isa = PBXFileReference; lastKnownFileType = file.storyboard; name = Base; path = Base.lproj/LaunchScreen.storyboard; sourceTree = "<group>"; };
		16970E862BA2DF1E0014FC81 /* Info.plist */ = {isa = PBXFileReference; lastKnownFileType = text.plist.xml; path = Info.plist; sourceTree = "<group>"; };
		16970E902BA46B7B0014FC81 /* AddingTableViewController.swift */ = {isa = PBXFileReference; lastKnownFileType = sourcecode.swift; path = AddingTableViewController.swift; sourceTree = "<group>"; };
		16970E922BA8197F0014FC81 /* InformationViewController.swift */ = {isa = PBXFileReference; lastKnownFileType = sourcecode.swift; path = InformationViewController.swift; sourceTree = "<group>"; };
		16A641E22BA8441E00CD19EE /* Debtor.swift */ = {isa = PBXFileReference; lastKnownFileType = sourcecode.swift; path = Debtor.swift; sourceTree = "<group>"; };
		16A641E52BA97D1500CD19EE /* UIViewController + Alert.swift */ = {isa = PBXFileReference; lastKnownFileType = sourcecode.swift; path = "UIViewController + Alert.swift"; sourceTree = "<group>"; };
		16A641E92BAAD80900CD19EE /* AboutDebtCell.swift */ = {isa = PBXFileReference; lastKnownFileType = sourcecode.swift; path = AboutDebtCell.swift; sourceTree = "<group>"; };
		16A641EB2BAAEB5F00CD19EE /* Date.swift */ = {isa = PBXFileReference; lastKnownFileType = sourcecode.swift; path = Date.swift; sourceTree = "<group>"; };
		16A641ED2BB149E000CD19EE /* AlertControllerBuilder.swift */ = {isa = PBXFileReference; fileEncoding = 4; lastKnownFileType = sourcecode.swift; path = AlertControllerBuilder.swift; sourceTree = "<group>"; };
/* End PBXFileReference section */

/* Begin PBXFrameworksBuildPhase section */
		167A55DA2BF1FE73008251BE /* Frameworks */ = {
			isa = PBXFrameworksBuildPhase;
			buildActionMask = 2147483647;
			files = (
				164966DF2BFF3FC00075F89B /* RealmSwift in Frameworks */,
			);
			runOnlyForDeploymentPostprocessing = 0;
		};
		16970E722BA2DF1C0014FC81 /* Frameworks */ = {
			isa = PBXFrameworksBuildPhase;
			buildActionMask = 2147483647;
			files = (
			);
			runOnlyForDeploymentPostprocessing = 0;
		};
/* End PBXFrameworksBuildPhase section */

/* Begin PBXGroup section */
		160838D12BF37F08002F6504 /* ViewControllers */ = {
			isa = PBXGroup;
			children = (
				1680095D2BF4FA10006FECF9 /* TabBarViewController.swift */,
				169474222BF3A8E5007976E6 /* MainNavigationViewController.swift */,
				168009672BF6194D006FECF9 /* ListDebtorsViewController.swift */,
				169474242BF3A996007976E6 /* AddingViewController.swift */,
				1680096B2BFCC93C006FECF9 /* InformationAboutTheDebtorViewController.swift */,
			);
			path = ViewControllers;
			sourceTree = "<group>";
		};
		160838D22BF37F4E002F6504 /* App */ = {
			isa = PBXGroup;
			children = (
				167A55DF2BF1FE73008251BE /* AppDelegate.swift */,
				167A55E12BF1FE73008251BE /* SceneDelegate.swift */,
				167A55ED2BF1FE74008251BE /* Info.plist */,
			);
			path = App;
			sourceTree = "<group>";
		};
		160838D32BF38107002F6504 /* Views */ = {
			isa = PBXGroup;
			children = (
				168009692BF61DBE006FECF9 /* CustomCellDebtor.swift */,
				160838D42BF38129002F6504 /* CustomCell + textField.swift */,
				160838D62BF38373002F6504 /* CustomCell + datePicker.swift */,
				160838D82BF384B0002F6504 /* CustomCell + TextView.swift */,
				160838DA2BF38647002F6504 /* CustomCell + Switch.swift */,
				1680095F2BF5FFE1006FECF9 /* CustomCell + Button.swift */,
				1680096D2BFCCC98006FECF9 /* LabelsForInfoVC.swift */,
			);
			path = Views;
			sourceTree = "<group>";
		};
		164967052BFF63FC0075F89B /* Extensions */ = {
			isa = PBXGroup;
			children = (
				164967062BFF64270075F89B /* DateForm.swift */,
			);
			path = Extensions;
			sourceTree = "<group>";
		};
		164967082C0852540075F89B /* Factories */ = {
			isa = PBXGroup;
			children = (
				164967092C0852800075F89B /* AlertControllerBuilderRM.swift */,
			);
			path = Factories;
			sourceTree = "<group>";
		};
		167A55DE2BF1FE73008251BE /* debtsRM */ = {
			isa = PBXGroup;
			children = (
				164967082C0852540075F89B /* Factories */,
				164967052BFF63FC0075F89B /* Extensions */,
				160838D12BF37F08002F6504 /* ViewControllers */,
				160838D32BF38107002F6504 /* Views */,
				168009622BF604F2006FECF9 /* Models */,
				160838D22BF37F4E002F6504 /* App */,
				167A55EA2BF1FE74008251BE /* LaunchScreen.storyboard */,
				167A55E82BF1FE74008251BE /* Assets.xcassets */,
			);
			path = debtsRM;
			sourceTree = "<group>";
		};
		168009622BF604F2006FECF9 /* Models */ = {
			isa = PBXGroup;
			children = (
				168009632BF60547006FECF9 /* DebtCellType.swift */,
				168009742BFF3A0D006FECF9 /* Debt.swift */,
			);
			path = Models;
			sourceTree = "<group>";
		};
		16970E6C2BA2DF1C0014FC81 = {
			isa = PBXGroup;
			children = (
				16970E772BA2DF1C0014FC81 /* Debtor */,
				167A55DE2BF1FE73008251BE /* debtsRM */,
				16970E762BA2DF1C0014FC81 /* Products */,
			);
			sourceTree = "<group>";
		};
		16970E762BA2DF1C0014FC81 /* Products */ = {
			isa = PBXGroup;
			children = (
				16970E752BA2DF1C0014FC81 /* Debtor.app */,
				167A55DD2BF1FE73008251BE /* debtsRM.app */,
			);
			name = Products;
			sourceTree = "<group>";
		};
		16970E772BA2DF1C0014FC81 /* Debtor */ = {
			isa = PBXGroup;
			children = (
				16A641EF2BB149E500CD19EE /* Factories */,
				16A641E82BAAD7D800CD19EE /* Views */,
				16A641E72BAAD05F00CD19EE /* Extensions */,
				16A641E42BA97CE000CD19EE /* Services */,
				16970E8D2BA2DF3A0014FC81 /* ViewControllers */,
				16970E8F2BA2E0650014FC81 /* Models */,
				16970E8E2BA2DF900014FC81 /* StoryBoards */,
				16970E8C2BA2DF310014FC81 /* App */,
				16970E812BA2DF1E0014FC81 /* Assets.xcassets */,
			);
			path = Debtor;
			sourceTree = "<group>";
		};
		16970E8C2BA2DF310014FC81 /* App */ = {
			isa = PBXGroup;
			children = (
				16970E782BA2DF1C0014FC81 /* AppDelegate.swift */,
				16970E7A2BA2DF1C0014FC81 /* SceneDelegate.swift */,
				16970E862BA2DF1E0014FC81 /* Info.plist */,
				167A55D42BD7ADBC008251BE /* InfoDebtor.xcdatamodeld */,
			);
			path = App;
			sourceTree = "<group>";
		};
		16970E8D2BA2DF3A0014FC81 /* ViewControllers */ = {
			isa = PBXGroup;
			children = (
				16970E7C2BA2DF1C0014FC81 /* MainViewController.swift */,
				16970E902BA46B7B0014FC81 /* AddingTableViewController.swift */,
				16970E922BA8197F0014FC81 /* InformationViewController.swift */,
			);
			path = ViewControllers;
			sourceTree = "<group>";
		};
		16970E8E2BA2DF900014FC81 /* StoryBoards */ = {
			isa = PBXGroup;
			children = (
				16970E7E2BA2DF1C0014FC81 /* Main.storyboard */,
				16970E832BA2DF1E0014FC81 /* LaunchScreen.storyboard */,
			);
			path = StoryBoards;
			sourceTree = "<group>";
		};
		16970E8F2BA2E0650014FC81 /* Models */ = {
			isa = PBXGroup;
			children = (
				16A641E22BA8441E00CD19EE /* Debtor.swift */,
			);
			path = Models;
			sourceTree = "<group>";
		};
		16A641E42BA97CE000CD19EE /* Services */ = {
			isa = PBXGroup;
			children = (
				167A55D72BD7AE68008251BE /* StorageManager.swift */,
			);
			path = Services;
			sourceTree = "<group>";
		};
		16A641E72BAAD05F00CD19EE /* Extensions */ = {
			isa = PBXGroup;
			children = (
				16A641E52BA97D1500CD19EE /* UIViewController + Alert.swift */,
				16A641EB2BAAEB5F00CD19EE /* Date.swift */,
				167A559B2BC515E5008251BE /* UIView + Animation.swift */,
			);
			path = Extensions;
			sourceTree = "<group>";
		};
		16A641E82BAAD7D800CD19EE /* Views */ = {
			isa = PBXGroup;
			children = (
				16A641E92BAAD80900CD19EE /* AboutDebtCell.swift */,
			);
			path = Views;
			sourceTree = "<group>";
		};
		16A641EF2BB149E500CD19EE /* Factories */ = {
			isa = PBXGroup;
			children = (
				16A641ED2BB149E000CD19EE /* AlertControllerBuilder.swift */,
			);
			path = Factories;
			sourceTree = "<group>";
		};
/* End PBXGroup section */

/* Begin PBXNativeTarget section */
		167A55DC2BF1FE73008251BE /* debtsRM */ = {
			isa = PBXNativeTarget;
			buildConfigurationList = 167A55F02BF1FE74008251BE /* Build configuration list for PBXNativeTarget "debtsRM" */;
			buildPhases = (
				167A55D92BF1FE73008251BE /* Sources */,
				167A55DA2BF1FE73008251BE /* Frameworks */,
				167A55DB2BF1FE73008251BE /* Resources */,
				164966D52BFF3DE70075F89B /* Embed Frameworks */,
			);
			buildRules = (
			);
			dependencies = (
			);
			name = debtsRM;
			packageProductDependencies = (
				164966DE2BFF3FC00075F89B /* RealmSwift */,
			);
			productName = debts;
			productReference = 167A55DD2BF1FE73008251BE /* debtsRM.app */;
			productType = "com.apple.product-type.application";
		};
		16970E742BA2DF1C0014FC81 /* Debtor */ = {
			isa = PBXNativeTarget;
			buildConfigurationList = 16970E892BA2DF1E0014FC81 /* Build configuration list for PBXNativeTarget "Debtor" */;
			buildPhases = (
				16970E712BA2DF1C0014FC81 /* Sources */,
				16970E722BA2DF1C0014FC81 /* Frameworks */,
				16970E732BA2DF1C0014FC81 /* Resources */,
			);
			buildRules = (
			);
			dependencies = (
			);
			name = Debtor;
			productName = Debtor;
			productReference = 16970E752BA2DF1C0014FC81 /* Debtor.app */;
			productType = "com.apple.product-type.application";
		};
/* End PBXNativeTarget section */

/* Begin PBXProject section */
		16970E6D2BA2DF1C0014FC81 /* Project object */ = {
			isa = PBXProject;
			attributes = {
				BuildIndependentTargetsInParallel = 1;
				LastSwiftUpdateCheck = 1500;
				LastUpgradeCheck = 1500;
				TargetAttributes = {
					167A55DC2BF1FE73008251BE = {
						CreatedOnToolsVersion = 15.0.1;
					};
					16970E742BA2DF1C0014FC81 = {
						CreatedOnToolsVersion = 15.0.1;
					};
				};
			};
			buildConfigurationList = 16970E702BA2DF1C0014FC81 /* Build configuration list for PBXProject "Debtor" */;
			compatibilityVersion = "Xcode 14.0";
			developmentRegion = en;
			hasScannedForEncodings = 0;
			knownRegions = (
				en,
				Base,
			);
			mainGroup = 16970E6C2BA2DF1C0014FC81;
			packageReferences = (
				164966DB2BFF3FC00075F89B /* XCRemoteSwiftPackageReference "realm-swift" */,
			);
			productRefGroup = 16970E762BA2DF1C0014FC81 /* Products */;
			projectDirPath = "";
			projectRoot = "";
			targets = (
				16970E742BA2DF1C0014FC81 /* Debtor */,
				167A55DC2BF1FE73008251BE /* debtsRM */,
			);
		};
/* End PBXProject section */

/* Begin PBXResourcesBuildPhase section */
		167A55DB2BF1FE73008251BE /* Resources */ = {
			isa = PBXResourcesBuildPhase;
			buildActionMask = 2147483647;
			files = (
				167A55EC2BF1FE74008251BE /* LaunchScreen.storyboard in Resources */,
				167A55E92BF1FE74008251BE /* Assets.xcassets in Resources */,
			);
			runOnlyForDeploymentPostprocessing = 0;
		};
		16970E732BA2DF1C0014FC81 /* Resources */ = {
			isa = PBXResourcesBuildPhase;
			buildActionMask = 2147483647;
			files = (
				16970E852BA2DF1E0014FC81 /* LaunchScreen.storyboard in Resources */,
				16970E822BA2DF1E0014FC81 /* Assets.xcassets in Resources */,
				16970E802BA2DF1C0014FC81 /* Main.storyboard in Resources */,
			);
			runOnlyForDeploymentPostprocessing = 0;
		};
/* End PBXResourcesBuildPhase section */

/* Begin PBXSourcesBuildPhase section */
		167A55D92BF1FE73008251BE /* Sources */ = {
			isa = PBXSourcesBuildPhase;
			buildActionMask = 2147483647;
			files = (
				168009642BF60547006FECF9 /* DebtCellType.swift in Sources */,
				1649670A2C0852800075F89B /* AlertControllerBuilderRM.swift in Sources */,
				164967072BFF64270075F89B /* DateForm.swift in Sources */,
				167A55E02BF1FE73008251BE /* AppDelegate.swift in Sources */,
				160838D52BF38129002F6504 /* CustomCell + textField.swift in Sources */,
				1680096A2BF61DBE006FECF9 /* CustomCellDebtor.swift in Sources */,
				168009752BFF3A0D006FECF9 /* Debt.swift in Sources */,
				168009602BF5FFE1006FECF9 /* CustomCell + Button.swift in Sources */,
				167A55E22BF1FE73008251BE /* SceneDelegate.swift in Sources */,
				1680096C2BFCC93C006FECF9 /* InformationAboutTheDebtorViewController.swift in Sources */,
				1680095E2BF4FA10006FECF9 /* TabBarViewController.swift in Sources */,
				169474232BF3A8E5007976E6 /* MainNavigationViewController.swift in Sources */,
				160838DB2BF38647002F6504 /* CustomCell + Switch.swift in Sources */,
				169474252BF3A996007976E6 /* AddingViewController.swift in Sources */,
				160838D72BF38373002F6504 /* CustomCell + datePicker.swift in Sources */,
				1680096E2BFCCC98006FECF9 /* LabelsForInfoVC.swift in Sources */,
				160838D92BF384B0002F6504 /* CustomCell + TextView.swift in Sources */,
				168009682BF6194D006FECF9 /* ListDebtorsViewController.swift in Sources */,
			);
			runOnlyForDeploymentPostprocessing = 0;
		};
		16970E712BA2DF1C0014FC81 /* Sources */ = {
			isa = PBXSourcesBuildPhase;
			buildActionMask = 2147483647;
			files = (
				16A641EE2BB149E000CD19EE /* AlertControllerBuilder.swift in Sources */,
				167A559C2BC515E5008251BE /* UIView + Animation.swift in Sources */,
				16A641EA2BAAD80900CD19EE /* AboutDebtCell.swift in Sources */,
				167A55D62BD7ADBC008251BE /* InfoDebtor.xcdatamodeld in Sources */,
				16970E912BA46B7B0014FC81 /* AddingTableViewController.swift in Sources */,
				16A641E62BA97D1500CD19EE /* UIViewController + Alert.swift in Sources */,
				16A641E32BA8441E00CD19EE /* Debtor.swift in Sources */,
				16970E7D2BA2DF1C0014FC81 /* MainViewController.swift in Sources */,
				16970E792BA2DF1C0014FC81 /* AppDelegate.swift in Sources */,
				16970E7B2BA2DF1C0014FC81 /* SceneDelegate.swift in Sources */,
				16A641EC2BAAEB5F00CD19EE /* Date.swift in Sources */,
				16970E932BA8197F0014FC81 /* InformationViewController.swift in Sources */,
				167A55D82BD7AE68008251BE /* StorageManager.swift in Sources */,
			);
			runOnlyForDeploymentPostprocessing = 0;
		};
/* End PBXSourcesBuildPhase section */

/* Begin PBXVariantGroup section */
		167A55EA2BF1FE74008251BE /* LaunchScreen.storyboard */ = {
			isa = PBXVariantGroup;
			children = (
				167A55EB2BF1FE74008251BE /* Base */,
			);
			name = LaunchScreen.storyboard;
			sourceTree = "<group>";
		};
		16970E7E2BA2DF1C0014FC81 /* Main.storyboard */ = {
			isa = PBXVariantGroup;
			children = (
				16970E7F2BA2DF1C0014FC81 /* Base */,
			);
			name = Main.storyboard;
			sourceTree = "<group>";
		};
		16970E832BA2DF1E0014FC81 /* LaunchScreen.storyboard */ = {
			isa = PBXVariantGroup;
			children = (
				16970E842BA2DF1E0014FC81 /* Base */,
			);
			name = LaunchScreen.storyboard;
			sourceTree = "<group>";
		};
/* End PBXVariantGroup section */

/* Begin XCBuildConfiguration section */
		167A55EE2BF1FE74008251BE /* Debug */ = {
			isa = XCBuildConfiguration;
			buildSettings = {
				ASSETCATALOG_COMPILER_APPICON_NAME = AppIcon;
				ASSETCATALOG_COMPILER_GLOBAL_ACCENT_COLOR_NAME = AccentColor;
				CODE_SIGN_STYLE = Automatic;
				CURRENT_PROJECT_VERSION = 1;
				DEVELOPMENT_TEAM = 2S7QN778R5;
				GENERATE_INFOPLIST_FILE = YES;
				INFOPLIST_FILE = debtsRM/App/Info.plist;
				INFOPLIST_KEY_UIApplicationSupportsIndirectInputEvents = YES;
				INFOPLIST_KEY_UILaunchStoryboardName = LaunchScreen;
				INFOPLIST_KEY_UISupportedInterfaceOrientations = UIInterfaceOrientationPortrait;
				INFOPLIST_KEY_UISupportedInterfaceOrientations_iPad = "UIInterfaceOrientationLandscapeLeft UIInterfaceOrientationLandscapeRight UIInterfaceOrientationPortrait UIInterfaceOrientationPortraitUpsideDown";
				LD_RUNPATH_SEARCH_PATHS = (
					"$(inherited)",
					"@executable_path/Frameworks",
				);
				MARKETING_VERSION = 1.0;
				PRODUCT_BUNDLE_IDENTIFIER = com.yunann95.debts;
				PRODUCT_NAME = "$(TARGET_NAME)";
				SUPPORTED_PLATFORMS = "iphoneos iphonesimulator";
				SUPPORTS_MACCATALYST = NO;
				SUPPORTS_MAC_DESIGNED_FOR_IPHONE_IPAD = NO;
				SUPPORTS_XR_DESIGNED_FOR_IPHONE_IPAD = NO;
				SWIFT_EMIT_LOC_STRINGS = YES;
				SWIFT_VERSION = 5.0;
				TARGETED_DEVICE_FAMILY = 1;
			};
			name = Debug;
		};
		167A55EF2BF1FE74008251BE /* Release */ = {
			isa = XCBuildConfiguration;
			buildSettings = {
				ASSETCATALOG_COMPILER_APPICON_NAME = AppIcon;
				ASSETCATALOG_COMPILER_GLOBAL_ACCENT_COLOR_NAME = AccentColor;
				CODE_SIGN_STYLE = Automatic;
				CURRENT_PROJECT_VERSION = 1;
				DEVELOPMENT_TEAM = 2S7QN778R5;
				GENERATE_INFOPLIST_FILE = YES;
				INFOPLIST_FILE = debtsRM/App/Info.plist;
				INFOPLIST_KEY_UIApplicationSupportsIndirectInputEvents = YES;
				INFOPLIST_KEY_UILaunchStoryboardName = LaunchScreen;
				INFOPLIST_KEY_UISupportedInterfaceOrientations = UIInterfaceOrientationPortrait;
				INFOPLIST_KEY_UISupportedInterfaceOrientations_iPad = "UIInterfaceOrientationLandscapeLeft UIInterfaceOrientationLandscapeRight UIInterfaceOrientationPortrait UIInterfaceOrientationPortraitUpsideDown";
				LD_RUNPATH_SEARCH_PATHS = (
					"$(inherited)",
					"@executable_path/Frameworks",
				);
				MARKETING_VERSION = 1.0;
				PRODUCT_BUNDLE_IDENTIFIER = com.yunann95.debts;
				PRODUCT_NAME = "$(TARGET_NAME)";
				SUPPORTED_PLATFORMS = "iphoneos iphonesimulator";
				SUPPORTS_MACCATALYST = NO;
				SUPPORTS_MAC_DESIGNED_FOR_IPHONE_IPAD = NO;
				SUPPORTS_XR_DESIGNED_FOR_IPHONE_IPAD = NO;
				SWIFT_EMIT_LOC_STRINGS = YES;
				SWIFT_VERSION = 5.0;
				TARGETED_DEVICE_FAMILY = 1;
			};
			name = Release;
		};
		16970E872BA2DF1E0014FC81 /* Debug */ = {
			isa = XCBuildConfiguration;
			buildSettings = {
				ALWAYS_SEARCH_USER_PATHS = NO;
				ASSETCATALOG_COMPILER_GENERATE_SWIFT_ASSET_SYMBOL_EXTENSIONS = YES;
				CLANG_ANALYZER_NONNULL = YES;
				CLANG_ANALYZER_NUMBER_OBJECT_CONVERSION = YES_AGGRESSIVE;
				CLANG_CXX_LANGUAGE_STANDARD = "gnu++20";
				CLANG_ENABLE_MODULES = YES;
				CLANG_ENABLE_OBJC_ARC = YES;
				CLANG_ENABLE_OBJC_WEAK = YES;
				CLANG_WARN_BLOCK_CAPTURE_AUTORELEASING = YES;
				CLANG_WARN_BOOL_CONVERSION = YES;
				CLANG_WARN_COMMA = YES;
				CLANG_WARN_CONSTANT_CONVERSION = YES;
				CLANG_WARN_DEPRECATED_OBJC_IMPLEMENTATIONS = YES;
				CLANG_WARN_DIRECT_OBJC_ISA_USAGE = YES_ERROR;
				CLANG_WARN_DOCUMENTATION_COMMENTS = YES;
				CLANG_WARN_EMPTY_BODY = YES;
				CLANG_WARN_ENUM_CONVERSION = YES;
				CLANG_WARN_INFINITE_RECURSION = YES;
				CLANG_WARN_INT_CONVERSION = YES;
				CLANG_WARN_NON_LITERAL_NULL_CONVERSION = YES;
				CLANG_WARN_OBJC_IMPLICIT_RETAIN_SELF = YES;
				CLANG_WARN_OBJC_LITERAL_CONVERSION = YES;
				CLANG_WARN_OBJC_ROOT_CLASS = YES_ERROR;
				CLANG_WARN_QUOTED_INCLUDE_IN_FRAMEWORK_HEADER = YES;
				CLANG_WARN_RANGE_LOOP_ANALYSIS = YES;
				CLANG_WARN_STRICT_PROTOTYPES = YES;
				CLANG_WARN_SUSPICIOUS_MOVE = YES;
				CLANG_WARN_UNGUARDED_AVAILABILITY = YES_AGGRESSIVE;
				CLANG_WARN_UNREACHABLE_CODE = YES;
				CLANG_WARN__DUPLICATE_METHOD_MATCH = YES;
				COPY_PHASE_STRIP = NO;
				DEBUG_INFORMATION_FORMAT = dwarf;
				ENABLE_STRICT_OBJC_MSGSEND = YES;
				ENABLE_TESTABILITY = YES;
				ENABLE_USER_SCRIPT_SANDBOXING = YES;
				GCC_C_LANGUAGE_STANDARD = gnu17;
				GCC_DYNAMIC_NO_PIC = NO;
				GCC_NO_COMMON_BLOCKS = YES;
				GCC_OPTIMIZATION_LEVEL = 0;
				GCC_PREPROCESSOR_DEFINITIONS = (
					"DEBUG=1",
					"$(inherited)",
				);
				GCC_WARN_64_TO_32_BIT_CONVERSION = YES;
				GCC_WARN_ABOUT_RETURN_TYPE = YES_ERROR;
				GCC_WARN_UNDECLARED_SELECTOR = YES;
				GCC_WARN_UNINITIALIZED_AUTOS = YES_AGGRESSIVE;
				GCC_WARN_UNUSED_FUNCTION = YES;
				GCC_WARN_UNUSED_VARIABLE = YES;
				IPHONEOS_DEPLOYMENT_TARGET = 17.0;
				LOCALIZATION_PREFERS_STRING_CATALOGS = YES;
				MTL_ENABLE_DEBUG_INFO = INCLUDE_SOURCE;
				MTL_FAST_MATH = YES;
				ONLY_ACTIVE_ARCH = YES;
				SDKROOT = iphoneos;
				SWIFT_ACTIVE_COMPILATION_CONDITIONS = "DEBUG $(inherited)";
				SWIFT_OPTIMIZATION_LEVEL = "-Onone";
			};
			name = Debug;
		};
		16970E882BA2DF1E0014FC81 /* Release */ = {
			isa = XCBuildConfiguration;
			buildSettings = {
				ALWAYS_SEARCH_USER_PATHS = NO;
				ASSETCATALOG_COMPILER_GENERATE_SWIFT_ASSET_SYMBOL_EXTENSIONS = YES;
				CLANG_ANALYZER_NONNULL = YES;
				CLANG_ANALYZER_NUMBER_OBJECT_CONVERSION = YES_AGGRESSIVE;
				CLANG_CXX_LANGUAGE_STANDARD = "gnu++20";
				CLANG_ENABLE_MODULES = YES;
				CLANG_ENABLE_OBJC_ARC = YES;
				CLANG_ENABLE_OBJC_WEAK = YES;
				CLANG_WARN_BLOCK_CAPTURE_AUTORELEASING = YES;
				CLANG_WARN_BOOL_CONVERSION = YES;
				CLANG_WARN_COMMA = YES;
				CLANG_WARN_CONSTANT_CONVERSION = YES;
				CLANG_WARN_DEPRECATED_OBJC_IMPLEMENTATIONS = YES;
				CLANG_WARN_DIRECT_OBJC_ISA_USAGE = YES_ERROR;
				CLANG_WARN_DOCUMENTATION_COMMENTS = YES;
				CLANG_WARN_EMPTY_BODY = YES;
				CLANG_WARN_ENUM_CONVERSION = YES;
				CLANG_WARN_INFINITE_RECURSION = YES;
				CLANG_WARN_INT_CONVERSION = YES;
				CLANG_WARN_NON_LITERAL_NULL_CONVERSION = YES;
				CLANG_WARN_OBJC_IMPLICIT_RETAIN_SELF = YES;
				CLANG_WARN_OBJC_LITERAL_CONVERSION = YES;
				CLANG_WARN_OBJC_ROOT_CLASS = YES_ERROR;
				CLANG_WARN_QUOTED_INCLUDE_IN_FRAMEWORK_HEADER = YES;
				CLANG_WARN_RANGE_LOOP_ANALYSIS = YES;
				CLANG_WARN_STRICT_PROTOTYPES = YES;
				CLANG_WARN_SUSPICIOUS_MOVE = YES;
				CLANG_WARN_UNGUARDED_AVAILABILITY = YES_AGGRESSIVE;
				CLANG_WARN_UNREACHABLE_CODE = YES;
				CLANG_WARN__DUPLICATE_METHOD_MATCH = YES;
				COPY_PHASE_STRIP = NO;
				DEBUG_INFORMATION_FORMAT = "dwarf-with-dsym";
				ENABLE_NS_ASSERTIONS = NO;
				ENABLE_STRICT_OBJC_MSGSEND = YES;
				ENABLE_USER_SCRIPT_SANDBOXING = YES;
				GCC_C_LANGUAGE_STANDARD = gnu17;
				GCC_NO_COMMON_BLOCKS = YES;
				GCC_WARN_64_TO_32_BIT_CONVERSION = YES;
				GCC_WARN_ABOUT_RETURN_TYPE = YES_ERROR;
				GCC_WARN_UNDECLARED_SELECTOR = YES;
				GCC_WARN_UNINITIALIZED_AUTOS = YES_AGGRESSIVE;
				GCC_WARN_UNUSED_FUNCTION = YES;
				GCC_WARN_UNUSED_VARIABLE = YES;
				IPHONEOS_DEPLOYMENT_TARGET = 17.0;
				LOCALIZATION_PREFERS_STRING_CATALOGS = YES;
				MTL_ENABLE_DEBUG_INFO = NO;
				MTL_FAST_MATH = YES;
				SDKROOT = iphoneos;
				SWIFT_COMPILATION_MODE = wholemodule;
				VALIDATE_PRODUCT = YES;
			};
			name = Release;
		};
		16970E8A2BA2DF1E0014FC81 /* Debug */ = {
			isa = XCBuildConfiguration;
			buildSettings = {
				ASSETCATALOG_COMPILER_APPICON_NAME = AppIcon;
				ASSETCATALOG_COMPILER_GLOBAL_ACCENT_COLOR_NAME = AccentColor;
				CODE_SIGN_STYLE = Automatic;
				CURRENT_PROJECT_VERSION = 1;
				DEVELOPMENT_TEAM = 2S7QN778R5;
				GENERATE_INFOPLIST_FILE = YES;
				INFOPLIST_FILE = Debtor/App/Info.plist;
				INFOPLIST_KEY_UIApplicationSupportsIndirectInputEvents = YES;
				INFOPLIST_KEY_UILaunchStoryboardName = LaunchScreen;
				INFOPLIST_KEY_UIMainStoryboardFile = Main;
				INFOPLIST_KEY_UISupportedInterfaceOrientations = UIInterfaceOrientationPortrait;
				INFOPLIST_KEY_UISupportedInterfaceOrientations_iPad = "UIInterfaceOrientationLandscapeLeft UIInterfaceOrientationLandscapeRight UIInterfaceOrientationPortrait UIInterfaceOrientationPortraitUpsideDown";
				LD_RUNPATH_SEARCH_PATHS = (
					"$(inherited)",
					"@executable_path/Frameworks",
				);
				MARKETING_VERSION = 1.0;
				PRODUCT_BUNDLE_IDENTIFIER = com.yunann95.Debtor;
				PRODUCT_NAME = "$(TARGET_NAME)";
				SUPPORTED_PLATFORMS = "iphoneos iphonesimulator";
				SUPPORTS_MACCATALYST = NO;
				SUPPORTS_MAC_DESIGNED_FOR_IPHONE_IPAD = NO;
				SWIFT_EMIT_LOC_STRINGS = YES;
				SWIFT_VERSION = 5.0;
				TARGETED_DEVICE_FAMILY = 1;
			};
			name = Debug;
		};
		16970E8B2BA2DF1E0014FC81 /* Release */ = {
			isa = XCBuildConfiguration;
			buildSettings = {
				ASSETCATALOG_COMPILER_APPICON_NAME = AppIcon;
				ASSETCATALOG_COMPILER_GLOBAL_ACCENT_COLOR_NAME = AccentColor;
				CODE_SIGN_STYLE = Automatic;
				CURRENT_PROJECT_VERSION = 1;
				DEVELOPMENT_TEAM = 2S7QN778R5;
				GENERATE_INFOPLIST_FILE = YES;
				INFOPLIST_FILE = Debtor/App/Info.plist;
				INFOPLIST_KEY_UIApplicationSupportsIndirectInputEvents = YES;
				INFOPLIST_KEY_UILaunchStoryboardName = LaunchScreen;
				INFOPLIST_KEY_UIMainStoryboardFile = Main;
				INFOPLIST_KEY_UISupportedInterfaceOrientations = UIInterfaceOrientationPortrait;
				INFOPLIST_KEY_UISupportedInterfaceOrientations_iPad = "UIInterfaceOrientationLandscapeLeft UIInterfaceOrientationLandscapeRight UIInterfaceOrientationPortrait UIInterfaceOrientationPortraitUpsideDown";
				LD_RUNPATH_SEARCH_PATHS = (
					"$(inherited)",
					"@executable_path/Frameworks",
				);
				MARKETING_VERSION = 1.0;
				PRODUCT_BUNDLE_IDENTIFIER = com.yunann95.Debtor;
				PRODUCT_NAME = "$(TARGET_NAME)";
				SUPPORTED_PLATFORMS = "iphoneos iphonesimulator";
				SUPPORTS_MACCATALYST = NO;
				SUPPORTS_MAC_DESIGNED_FOR_IPHONE_IPAD = NO;
				SWIFT_EMIT_LOC_STRINGS = YES;
				SWIFT_VERSION = 5.0;
				TARGETED_DEVICE_FAMILY = 1;
			};
			name = Release;
		};
/* End XCBuildConfiguration section */

/* Begin XCConfigurationList section */
		167A55F02BF1FE74008251BE /* Build configuration list for PBXNativeTarget "debtsRM" */ = {
			isa = XCConfigurationList;
			buildConfigurations = (
				167A55EE2BF1FE74008251BE /* Debug */,
				167A55EF2BF1FE74008251BE /* Release */,
			);
			defaultConfigurationIsVisible = 0;
			defaultConfigurationName = Release;
		};
		16970E702BA2DF1C0014FC81 /* Build configuration list for PBXProject "Debtor" */ = {
			isa = XCConfigurationList;
			buildConfigurations = (
				16970E872BA2DF1E0014FC81 /* Debug */,
				16970E882BA2DF1E0014FC81 /* Release */,
			);
			defaultConfigurationIsVisible = 0;
			defaultConfigurationName = Release;
		};
		16970E892BA2DF1E0014FC81 /* Build configuration list for PBXNativeTarget "Debtor" */ = {
			isa = XCConfigurationList;
			buildConfigurations = (
				16970E8A2BA2DF1E0014FC81 /* Debug */,
				16970E8B2BA2DF1E0014FC81 /* Release */,
			);
			defaultConfigurationIsVisible = 0;
			defaultConfigurationName = Release;
		};
/* End XCConfigurationList section */

/* Begin XCRemoteSwiftPackageReference section */
		164966DB2BFF3FC00075F89B /* XCRemoteSwiftPackageReference "realm-swift" */ = {
			isa = XCRemoteSwiftPackageReference;
			repositoryURL = "https://github.com/realm/realm-swift.git";
			requirement = {
				branch = master;
				kind = branch;
			};
		};
/* End XCRemoteSwiftPackageReference section */

/* Begin XCSwiftPackageProductDependency section */
		164966DE2BFF3FC00075F89B /* RealmSwift */ = {
			isa = XCSwiftPackageProductDependency;
			package = 164966DB2BFF3FC00075F89B /* XCRemoteSwiftPackageReference "realm-swift" */;
			productName = RealmSwift;
		};
/* End XCSwiftPackageProductDependency section */

/* Begin XCVersionGroup section */
		167A55D42BD7ADBC008251BE /* InfoDebtor.xcdatamodeld */ = {
			isa = XCVersionGroup;
			children = (
				167A55D52BD7ADBC008251BE /* StorageManager.xcdatamodel */,
			);
			currentVersion = 167A55D52BD7ADBC008251BE /* StorageManager.xcdatamodel */;
			path = InfoDebtor.xcdatamodeld;
			sourceTree = "<group>";
			versionGroupType = wrapper.xcdatamodel;
		};
/* End XCVersionGroup section */
	};
	rootObject = 16970E6D2BA2DF1C0014FC81 /* Project object */;
}
